
Microsoft Visual Studio Solution File, Format Version 12.00
# Visual Studio Version 16
VisualStudioVersion = 16.0.30002.166
MinimumVisualStudioVersion = 10.0.40219.1
Project("{2150E333-8FDC-42A3-9474-1A3956D46DE8}") = "Application", "Application", "{47BD2D6A-FEDB-4C96-B756-7BC081E31520}"
EndProject
Project("{2150E333-8FDC-42A3-9474-1A3956D46DE8}") = "Domain", "Domain", "{140A5447-7CEB-455C-913F-2B23E5D18BF8}"
EndProject
Project("{2150E333-8FDC-42A3-9474-1A3956D46DE8}") = "Infrastructure", "Infrastructure", "{79736F6C-887F-4E86-B32F-60EECA5EC5C8}"
EndProject
Project("{2150E333-8FDC-42A3-9474-1A3956D46DE8}") = "News", "News", "{5E2F1B85-2B12-4E66-8DB4-C7A866C3A778}"
EndProject
Project("{2150E333-8FDC-42A3-9474-1A3956D46DE8}") = "Source", "Source", "{E151CE9E-B2C6-4576-AF99-FDDF10824176}"
EndProject
Project("{2150E333-8FDC-42A3-9474-1A3956D46DE8}") = "News", "News", "{92343D97-352E-4198-A69A-4A5F720E1567}"
EndProject
Project("{2150E333-8FDC-42A3-9474-1A3956D46DE8}") = "Source", "Source", "{C80CF3A2-91B6-49D0-90B2-A10111107D53}"
EndProject
Project("{2150E333-8FDC-42A3-9474-1A3956D46DE8}") = "News", "News", "{DBD598A7-76CC-4E0A-9D53-4011DFDF182D}"
EndProject
Project("{2150E333-8FDC-42A3-9474-1A3956D46DE8}") = "Source", "Source", "{734338F9-37D4-4709-A941-3ED25B13F043}"
EndProject
Project("{9A19103F-16F7-4668-BE54-9A1E7A4F7556}") = "Nuance.NPA.Domain.News", "Nuance.NPA.Domain.News\Nuance.NPA.Domain.News.csproj", "{AF0F9C31-B2B4-41E3-834F-CA81D44F1091}"
EndProject
Project("{9A19103F-16F7-4668-BE54-9A1E7A4F7556}") = "Nuance.NPA.Domain.Source", "Nuance.NPA.Domain.Source\Nuance.NPA.Domain.Source.csproj", "{DFCBFA55-36D7-4C0B-A6F3-6354060F4C07}"
EndProject
Project("{9A19103F-16F7-4668-BE54-9A1E7A4F7556}") = "Nuance.NPA.Infrastructure.News", "Nuance.NPA.Infrastructure.News\Nuance.NPA.Infrastructure.News.csproj", "{4BDEBCA2-0CC9-472D-9137-A4D6F42D8E12}"
EndProject
Project("{9A19103F-16F7-4668-BE54-9A1E7A4F7556}") = "Nuance.NPA.Infrastructure.Source", "Nuance.NPA.Infrastructure.Source\Nuance.NPA.Infrastructure.Source.csproj", "{8B9FD11C-D251-45B8-91C8-F67DBEDA326D}"
EndProject
Project("{2150E333-8FDC-42A3-9474-1A3956D46DE8}") = "Common", "Common", "{2033CA96-DE0A-4A7A-B838-B23D130B62A8}"
EndProject
Project("{9A19103F-16F7-4668-BE54-9A1E7A4F7556}") = "Nuance.NPA.Common", "Nuance.NPA.Common\Nuance.NPA.Common.csproj", "{6B13A9D4-C3C5-4ECA-B09C-9CAF1EAE6ECE}"
EndProject
Project("{9A19103F-16F7-4668-BE54-9A1E7A4F7556}") = "Nuance.NPA.DTO", "Nuance.NPA.DTO\Nuance.NPA.DTO.csproj", "{071FEB1C-885A-4BF6-B309-5A1ACCDD31D2}"
EndProject
Project("{9A19103F-16F7-4668-BE54-9A1E7A4F7556}") = "Nuance.NPA.Domain.News.Test", "Nuance.NPA.Domain.News.Test\Nuance.NPA.Domain.News.Test.csproj", "{F99EA989-3666-4AC6-BD24-DBBC7ABC8213}"
EndProject
Project("{9A19103F-16F7-4668-BE54-9A1E7A4F7556}") = "Nuance.NPA.API.News", "Nuance.NPA.API.News\Nuance.NPA.API.News.csproj", "{3E6EA5D1-6025-441D-BCBB-8C16A8556A15}"
EndProject
Project("{9A19103F-16F7-4668-BE54-9A1E7A4F7556}") = "Nuance.NPA.Domain.Source.Test", "Nuance.NPA.Domain.Source.Test\Nuance.NPA.Domain.Source.Test.csproj", "{61C9E261-B557-4936-840A-41D2D69FDB2B}"
EndProject
Project("{FAE04EC0-301F-11D3-BF4B-00C04F79EFBC}") = "Nuance.NPA.API.Source", "Nuance.NPA.API.Source\Nuance.NPA.API.Source.csproj", "{CF396E75-BC01-441F-A3AD-0015FD09B213}"
EndProject
Global
	GlobalSection(SolutionConfigurationPlatforms) = preSolution
		Debug|Any CPU = Debug|Any CPU
		Release|Any CPU = Release|Any CPU
	EndGlobalSection
	GlobalSection(ProjectConfigurationPlatforms) = postSolution
		{AF0F9C31-B2B4-41E3-834F-CA81D44F1091}.Debug|Any CPU.ActiveCfg = Debug|Any CPU
		{AF0F9C31-B2B4-41E3-834F-CA81D44F1091}.Debug|Any CPU.Build.0 = Debug|Any CPU
		{AF0F9C31-B2B4-41E3-834F-CA81D44F1091}.Release|Any CPU.ActiveCfg = Release|Any CPU
		{AF0F9C31-B2B4-41E3-834F-CA81D44F1091}.Release|Any CPU.Build.0 = Release|Any CPU
		{DFCBFA55-36D7-4C0B-A6F3-6354060F4C07}.Debug|Any CPU.ActiveCfg = Debug|Any CPU
		{DFCBFA55-36D7-4C0B-A6F3-6354060F4C07}.Debug|Any CPU.Build.0 = Debug|Any CPU
		{DFCBFA55-36D7-4C0B-A6F3-6354060F4C07}.Release|Any CPU.ActiveCfg = Release|Any CPU
		{DFCBFA55-36D7-4C0B-A6F3-6354060F4C07}.Release|Any CPU.Build.0 = Release|Any CPU
		{4BDEBCA2-0CC9-472D-9137-A4D6F42D8E12}.Debug|Any CPU.ActiveCfg = Debug|Any CPU
		{4BDEBCA2-0CC9-472D-9137-A4D6F42D8E12}.Debug|Any CPU.Build.0 = Debug|Any CPU
		{4BDEBCA2-0CC9-472D-9137-A4D6F42D8E12}.Release|Any CPU.ActiveCfg = Release|Any CPU
		{4BDEBCA2-0CC9-472D-9137-A4D6F42D8E12}.Release|Any CPU.Build.0 = Release|Any CPU
		{8B9FD11C-D251-45B8-91C8-F67DBEDA326D}.Debug|Any CPU.ActiveCfg = Debug|Any CPU
		{8B9FD11C-D251-45B8-91C8-F67DBEDA326D}.Debug|Any CPU.Build.0 = Debug|Any CPU
		{8B9FD11C-D251-45B8-91C8-F67DBEDA326D}.Release|Any CPU.ActiveCfg = Release|Any CPU
		{8B9FD11C-D251-45B8-91C8-F67DBEDA326D}.Release|Any CPU.Build.0 = Release|Any CPU
		{6B13A9D4-C3C5-4ECA-B09C-9CAF1EAE6ECE}.Debug|Any CPU.ActiveCfg = Debug|Any CPU
		{6B13A9D4-C3C5-4ECA-B09C-9CAF1EAE6ECE}.Debug|Any CPU.Build.0 = Debug|Any CPU
		{6B13A9D4-C3C5-4ECA-B09C-9CAF1EAE6ECE}.Release|Any CPU.ActiveCfg = Release|Any CPU
		{6B13A9D4-C3C5-4ECA-B09C-9CAF1EAE6ECE}.Release|Any CPU.Build.0 = Release|Any CPU
		{071FEB1C-885A-4BF6-B309-5A1ACCDD31D2}.Debug|Any CPU.ActiveCfg = Debug|Any CPU
		{071FEB1C-885A-4BF6-B309-5A1ACCDD31D2}.Debug|Any CPU.Build.0 = Debug|Any CPU
		{071FEB1C-885A-4BF6-B309-5A1ACCDD31D2}.Release|Any CPU.ActiveCfg = Release|Any CPU
		{071FEB1C-885A-4BF6-B309-5A1ACCDD31D2}.Release|Any CPU.Build.0 = Release|Any CPU
		{F99EA989-3666-4AC6-BD24-DBBC7ABC8213}.Debug|Any CPU.ActiveCfg = Debug|Any CPU
		{F99EA989-3666-4AC6-BD24-DBBC7ABC8213}.Debug|Any CPU.Build.0 = Debug|Any CPU
		{F99EA989-3666-4AC6-BD24-DBBC7ABC8213}.Release|Any CPU.ActiveCfg = Release|Any CPU
		{F99EA989-3666-4AC6-BD24-DBBC7ABC8213}.Release|Any CPU.Build.0 = Release|Any CPU
		{3E6EA5D1-6025-441D-BCBB-8C16A8556A15}.Debug|Any CPU.ActiveCfg = Debug|Any CPU
		{3E6EA5D1-6025-441D-BCBB-8C16A8556A15}.Debug|Any CPU.Build.0 = Debug|Any CPU
		{3E6EA5D1-6025-441D-BCBB-8C16A8556A15}.Release|Any CPU.ActiveCfg = Release|Any CPU
		{3E6EA5D1-6025-441D-BCBB-8C16A8556A15}.Release|Any CPU.Build.0 = Release|Any CPU
		{61C9E261-B557-4936-840A-41D2D69FDB2B}.Debug|Any CPU.ActiveCfg = Debug|Any CPU
		{61C9E261-B557-4936-840A-41D2D69FDB2B}.Debug|Any CPU.Build.0 = Debug|Any CPU
		{61C9E261-B557-4936-840A-41D2D69FDB2B}.Release|Any CPU.ActiveCfg = Release|Any CPU
		{61C9E261-B557-4936-840A-41D2D69FDB2B}.Release|Any CPU.Build.0 = Release|Any CPU
		{CF396E75-BC01-441F-A3AD-0015FD09B213}.Debug|Any CPU.ActiveCfg = Debug|Any CPU
		{CF396E75-BC01-441F-A3AD-0015FD09B213}.Debug|Any CPU.Build.0 = Debug|Any CPU
		{CF396E75-BC01-441F-A3AD-0015FD09B213}.Release|Any CPU.ActiveCfg = Release|Any CPU
		{CF396E75-BC01-441F-A3AD-0015FD09B213}.Release|Any CPU.Build.0 = Release|Any CPU
	EndGlobalSection
	GlobalSection(SolutionProperties) = preSolution
		HideSolutionNode = FALSE
	EndGlobalSection
	GlobalSection(NestedProjects) = preSolution
		{5E2F1B85-2B12-4E66-8DB4-C7A866C3A778} = {140A5447-7CEB-455C-913F-2B23E5D18BF8}
		{E151CE9E-B2C6-4576-AF99-FDDF10824176} = {140A5447-7CEB-455C-913F-2B23E5D18BF8}
		{92343D97-352E-4198-A69A-4A5F720E1567} = {47BD2D6A-FEDB-4C96-B756-7BC081E31520}
		{C80CF3A2-91B6-49D0-90B2-A10111107D53} = {47BD2D6A-FEDB-4C96-B756-7BC081E31520}
		{DBD598A7-76CC-4E0A-9D53-4011DFDF182D} = {79736F6C-887F-4E86-B32F-60EECA5EC5C8}
		{734338F9-37D4-4709-A941-3ED25B13F043} = {79736F6C-887F-4E86-B32F-60EECA5EC5C8}
		{AF0F9C31-B2B4-41E3-834F-CA81D44F1091} = {5E2F1B85-2B12-4E66-8DB4-C7A866C3A778}
		{DFCBFA55-36D7-4C0B-A6F3-6354060F4C07} = {E151CE9E-B2C6-4576-AF99-FDDF10824176}
		{4BDEBCA2-0CC9-472D-9137-A4D6F42D8E12} = {DBD598A7-76CC-4E0A-9D53-4011DFDF182D}
		{8B9FD11C-D251-45B8-91C8-F67DBEDA326D} = {734338F9-37D4-4709-A941-3ED25B13F043}
		{6B13A9D4-C3C5-4ECA-B09C-9CAF1EAE6ECE} = {2033CA96-DE0A-4A7A-B838-B23D130B62A8}
		{071FEB1C-885A-4BF6-B309-5A1ACCDD31D2} = {2033CA96-DE0A-4A7A-B838-B23D130B62A8}
		{F99EA989-3666-4AC6-BD24-DBBC7ABC8213} = {5E2F1B85-2B12-4E66-8DB4-C7A866C3A778}
		{3E6EA5D1-6025-441D-BCBB-8C16A8556A15} = {92343D97-352E-4198-A69A-4A5F720E1567}
		{61C9E261-B557-4936-840A-41D2D69FDB2B} = {E151CE9E-B2C6-4576-AF99-FDDF10824176}
		{CF396E75-BC01-441F-A3AD-0015FD09B213} = {C80CF3A2-91B6-49D0-90B2-A10111107D53}
	EndGlobalSection
	GlobalSection(ExtensibilityGlobals) = postSolution
		SolutionGuid = {5CEA2DC8-790D-4A32-9C8C-99C2807D336C}
	EndGlobalSection
EndGlobal
